
Microsoft Visual Studio Solution File, Format Version 12.00
# Visual Studio 15
VisualStudioVersion = 15.0.28307.757
MinimumVisualStudioVersion = 10.0.40219.1
Project("{FAE04EC0-301F-11D3-BF4B-00C04F79EFBC}") = "PeopleData", "PeopleData\PeopleData.csproj", "{CB249B57-8A2B-4F45-8A65-914DB2C3C0A7}"
EndProject
Project("{FAE04EC0-301F-11D3-BF4B-00C04F79EFBC}") = "DataAccess", "DataAccess\DataAccess.csproj", "{DB74A392-1600-41F0-A3CE-1A7ABE935594}"
EndProject
Project("{FAE04EC0-301F-11D3-BF4B-00C04F79EFBC}") = "DataAccessTests", "DataAccessTests\DataAccessTests.csproj", "{C754B9DD-5AA0-4D90-A48D-7455A8E61594}"
EndProject
Project("{FAE04EC0-301F-11D3-BF4B-00C04F79EFBC}") = "DataClient", "DataClient\DataClient.csproj", "{F2122410-9928-4125-B32C-CB4822273C3B}"
EndProject
Global
	GlobalSection(SolutionConfigurationPlatforms) = preSolution
		Debug|Any CPU = Debug|Any CPU
		Release|Any CPU = Release|Any CPU
	EndGlobalSection
	GlobalSection(ProjectConfigurationPlatforms) = postSolution
		{CB249B57-8A2B-4F45-8A65-914DB2C3C0A7}.Debug|Any CPU.ActiveCfg = Debug|Any CPU
		{CB249B57-8A2B-4F45-8A65-914DB2C3C0A7}.Debug|Any CPU.Build.0 = Debug|Any CPU
		{CB249B57-8A2B-4F45-8A65-914DB2C3C0A7}.Release|Any CPU.ActiveCfg = Release|Any CPU
		{CB249B57-8A2B-4F45-8A65-914DB2C3C0A7}.Release|Any CPU.Build.0 = Release|Any CPU
		{DB74A392-1600-41F0-A3CE-1A7ABE935594}.Debug|Any CPU.ActiveCfg = Debug|Any CPU
		{DB74A392-1600-41F0-A3CE-1A7ABE935594}.Debug|Any CPU.Build.0 = Debug|Any CPU
		{DB74A392-1600-41F0-A3CE-1A7ABE935594}.Release|Any CPU.ActiveCfg = Release|Any CPU
		{DB74A392-1600-41F0-A3CE-1A7ABE935594}.Release|Any CPU.Build.0 = Release|Any CPU
		{C754B9DD-5AA0-4D90-A48D-7455A8E61594}.Debug|Any CPU.ActiveCfg = Debug|Any CPU
		{C754B9DD-5AA0-4D90-A48D-7455A8E61594}.Debug|Any CPU.Build.0 = Debug|Any CPU
		{C754B9DD-5AA0-4D90-A48D-7455A8E61594}.Release|Any CPU.ActiveCfg = Release|Any CPU
		{C754B9DD-5AA0-4D90-A48D-7455A8E61594}.Release|Any CPU.Build.0 = Release|Any CPU
		{F2122410-9928-4125-B32C-CB4822273C3B}.Debug|Any CPU.ActiveCfg = Debug|Any CPU
		{F2122410-9928-4125-B32C-CB4822273C3B}.Debug|Any CPU.Build.0 = Debug|Any CPU
		{F2122410-9928-4125-B32C-CB4822273C3B}.Release|Any CPU.ActiveCfg = Release|Any CPU
		{F2122410-9928-4125-B32C-CB4822273C3B}.Release|Any CPU.Build.0 = Release|Any CPU
	EndGlobalSection
	GlobalSection(SolutionProperties) = preSolution
		HideSolutionNode = FALSE
	EndGlobalSection
	GlobalSection(ExtensibilityGlobals) = postSolution
		SolutionGuid = {5FA0EDCE-8256-4503-A3E0-E915DADCD106}
	EndGlobalSection
EndGlobal
